schema: '2.0'
stages:
  prepare:
    cmd: python code/datasets/prepare.py
    deps:
    - path: code/datasets/prepare.py
      hash: md5
      md5: b5367b0027c82edacd2e11c72e2aba09
      size: 4031
    - path: data/raw/penguins.csv
      hash: md5
      md5: a06a0210251465a86fb970018292304d
      size: 15241
    - path: penguins.py
      hash: md5
      md5: 8770e5203a4c9abc7d39454e965dd341
      size: 570
    - path: requirements-model.txt
      hash: md5
      md5: 52c1e2e62f49624789f6338a11c83b76
      size: 75
    outs:
    - path: data/processed/cleaning_report.json
      hash: md5
      md5: 28cd1a13703ecea8bb8ae3c66f76e67c
      size: 953
    - path: data/processed/test.csv
      hash: md5
      md5: d3490e6054abce790bbba8d4411a7bdf
      size: 2512
    - path: data/processed/train.csv
      hash: md5
      md5: 4c614a7f5669e4bb3fbc93b4ff7f4dce
      size: 9704
  train:
    cmd: python code/models/train.py
    deps:
    - path: code/models/train.py
      hash: md5
      md5: 45b962b437a9ae7f37324c2a133aa65d
      size: 3816
    - path: data/processed/cleaning_report.json
      hash: md5
      md5: 28cd1a13703ecea8bb8ae3c66f76e67c
      size: 953
    - path: data/processed/test.csv
      hash: md5
      md5: d3490e6054abce790bbba8d4411a7bdf
      size: 2512
    - path: data/processed/train.csv
      hash: md5
      md5: 4c614a7f5669e4bb3fbc93b4ff7f4dce
      size: 9704
    - path: penguins.py
      hash: md5
      md5: 8770e5203a4c9abc7d39454e965dd341
      size: 570
    - path: requirements-model.txt
      hash: md5
      md5: 52c1e2e62f49624789f6338a11c83b76
      size: 75
    - path: requirements.txt
      hash: md5
      md5: 7f6b0e1af0314defe7d5ab5c7e29c0c9
      size: 256
    outs:
    - path: models/metadata.json
      hash: md5
      md5: 28e09f63457492d0be95b802a1c2fafc
      size: 407
    - path: models/metrics.json
      hash: md5
      md5: 34cb0553e4e5983cea13efbb151abfba
      size: 55
    - path: models/model.joblib
      hash: md5
      md5: 2c3e721eb2a9019ecd63c419220490a9
      size: 2017
  deploy:
    cmd: python code/deployment/deploy.py
    deps:
    - path: .dockerignore
      hash: md5
      md5: 177c6824d7e09b16aa96d20b7d243846
      size: 80
    - path: code/deployment/api
      hash: md5
      md5: 233174fd52eab00c831203feb7f1ff4b.dir
      size: 2831
      nfiles: 3
    - path: code/deployment/app
      hash: md5
      md5: dce011e918299874f30d321679a479b0.dir
      size: 2448
      nfiles: 3
    - path: code/deployment/deploy.py
      hash: md5
      md5: 5e7f51a3e295345244f36a48cfb034c2
      size: 1629
    - path: code/deployment/docker-compose.yml
      hash: md5
      md5: 994fc3de999be1ae7faf0c520ead90bf
      size: 911
    - path: models/metadata.json
      hash: md5
      md5: 28e09f63457492d0be95b802a1c2fafc
      size: 407
    - path: models/model.joblib
      hash: md5
      md5: 2c3e721eb2a9019ecd63c419220490a9
      size: 2017
    - path: penguins.py
      hash: md5
      md5: 8770e5203a4c9abc7d39454e965dd341
      size: 570
    - path: requirements-model.txt
      hash: md5
      md5: 52c1e2e62f49624789f6338a11c83b76
      size: 75
